{
  "name": "discord_embedder",
  "version": "0.0.1",
  "lockfileVersion": 2,
  "requires": true,
  "packages": {
    "": {
      "name": "discord_embedder",
      "version": "0.0.1",
      "license": "GPL-3.0",
      "dependencies": {
        "@sindresorhus/is": "^4.4.0"
      },
      "bin": {
        "discord_embedder": "src/index.js"
      }
    },
    "node_modules/@sindresorhus/is": {
      "version": "4.4.0",
      "resolved": "https://registry.npmjs.org/@sindresorhus/is/-/is-4.4.0.tgz",
      "integrity": "sha512-QppPM/8l3Mawvh4rn9CNEYIU9bxpXUCRMaX9yUpvBk1nMKusLKpfXGDEKExKaPhLzcn3lzil7pR6rnJ11HgeRQ==",
      "engines": {
        "node": ">=10"
      },
      "funding": {
        "url": "https://github.com/sindresorhus/is?sponsor=1"
      }
    }
  },
  "dependencies": {
    "@sindresorhus/is": {
      "version": "4.4.0",
      "resolved": "https://registry.npmjs.org/@sindresorhus/is/-/is-4.4.0.tgz",
      "integrity": "sha512-QppPM/8l3Mawvh4rn9CNEYIU9bxpXUCRMaX9yUpvBk1nMKusLKpfXGDEKExKaPhLzcn3lzil7pR6rnJ11HgeRQ=="
    }
  }
}
